
Microsoft Visual Studio Solution File, Format Version 12.00
# Visual Studio Version 16
VisualStudioVersion = 16.0.30114.105
MinimumVisualStudioVersion = 10.0.40219.1
Project("{FAE04EC0-301F-11D3-BF4B-00C04F79EFBC}") = "R5T.Egaleo.Standard", "R5T.Egaleo.Standard\R5T.Egaleo.Standard.csproj", "{8F2DF7E5-CD19-47E1-BF30-E93601A2EDBF}"
EndProject
Project("{FAE04EC0-301F-11D3-BF4B-00C04F79EFBC}") = "R5T.Egaleo.Standard.Construction", "R5T.Egaleo.Standard.Construction\R5T.Egaleo.Standard.Construction.csproj", "{F3E1706C-5CB9-40FC-9393-CB99C1F5355D}"
EndProject
Project("{FAE04EC0-301F-11D3-BF4B-00C04F79EFBC}") = "R5T.Egaleo.Standard.Testing", "R5T.Egaleo.Standard.Testing\R5T.Egaleo.Standard.Testing.csproj", "{F90BDBD6-96B9-4C94-97EE-842DA5818ABC}"
EndProject
Global
	GlobalSection(SolutionConfigurationPlatforms) = preSolution
		Debug|Any CPU = Debug|Any CPU
		Debug|x64 = Debug|x64
		Debug|x86 = Debug|x86
		Release|Any CPU = Release|Any CPU
		Release|x64 = Release|x64
		Release|x86 = Release|x86
	EndGlobalSection
	GlobalSection(SolutionProperties) = preSolution
		HideSolutionNode = FALSE
	EndGlobalSection
	GlobalSection(ProjectConfigurationPlatforms) = postSolution
		{8F2DF7E5-CD19-47E1-BF30-E93601A2EDBF}.Debug|Any CPU.ActiveCfg = Debug|Any CPU
		{8F2DF7E5-CD19-47E1-BF30-E93601A2EDBF}.Debug|Any CPU.Build.0 = Debug|Any CPU
		{8F2DF7E5-CD19-47E1-BF30-E93601A2EDBF}.Debug|x64.ActiveCfg = Debug|Any CPU
		{8F2DF7E5-CD19-47E1-BF30-E93601A2EDBF}.Debug|x64.Build.0 = Debug|Any CPU
		{8F2DF7E5-CD19-47E1-BF30-E93601A2EDBF}.Debug|x86.ActiveCfg = Debug|Any CPU
		{8F2DF7E5-CD19-47E1-BF30-E93601A2EDBF}.Debug|x86.Build.0 = Debug|Any CPU
		{8F2DF7E5-CD19-47E1-BF30-E93601A2EDBF}.Release|Any CPU.ActiveCfg = Release|Any CPU
		{8F2DF7E5-CD19-47E1-BF30-E93601A2EDBF}.Release|Any CPU.Build.0 = Release|Any CPU
		{8F2DF7E5-CD19-47E1-BF30-E93601A2EDBF}.Release|x64.ActiveCfg = Release|Any CPU
		{8F2DF7E5-CD19-47E1-BF30-E93601A2EDBF}.Release|x64.Build.0 = Release|Any CPU
		{8F2DF7E5-CD19-47E1-BF30-E93601A2EDBF}.Release|x86.ActiveCfg = Release|Any CPU
		{8F2DF7E5-CD19-47E1-BF30-E93601A2EDBF}.Release|x86.Build.0 = Release|Any CPU
		{F3E1706C-5CB9-40FC-9393-CB99C1F5355D}.Debug|Any CPU.ActiveCfg = Debug|Any CPU
		{F3E1706C-5CB9-40FC-9393-CB99C1F5355D}.Debug|Any CPU.Build.0 = Debug|Any CPU
		{F3E1706C-5CB9-40FC-9393-CB99C1F5355D}.Debug|x64.ActiveCfg = Debug|Any CPU
		{F3E1706C-5CB9-40FC-9393-CB99C1F5355D}.Debug|x64.Build.0 = Debug|Any CPU
		{F3E1706C-5CB9-40FC-9393-CB99C1F5355D}.Debug|x86.ActiveCfg = Debug|Any CPU
		{F3E1706C-5CB9-40FC-9393-CB99C1F5355D}.Debug|x86.Build.0 = Debug|Any CPU
		{F3E1706C-5CB9-40FC-9393-CB99C1F5355D}.Release|Any CPU.ActiveCfg = Release|Any CPU
		{F3E1706C-5CB9-40FC-9393-CB99C1F5355D}.Release|Any CPU.Build.0 = Release|Any CPU
		{F3E1706C-5CB9-40FC-9393-CB99C1F5355D}.Release|x64.ActiveCfg = Release|Any CPU
		{F3E1706C-5CB9-40FC-9393-CB99C1F5355D}.Release|x64.Build.0 = Release|Any CPU
		{F3E1706C-5CB9-40FC-9393-CB99C1F5355D}.Release|x86.ActiveCfg = Release|Any CPU
		{F3E1706C-5CB9-40FC-9393-CB99C1F5355D}.Release|x86.Build.0 = Release|Any CPU
		{F90BDBD6-96B9-4C94-97EE-842DA5818ABC}.Debug|Any CPU.ActiveCfg = Debug|Any CPU
		{F90BDBD6-96B9-4C94-97EE-842DA5818ABC}.Debug|Any CPU.Build.0 = Debug|Any CPU
		{F90BDBD6-96B9-4C94-97EE-842DA5818ABC}.Debug|x64.ActiveCfg = Debug|Any CPU
		{F90BDBD6-96B9-4C94-97EE-842DA5818ABC}.Debug|x64.Build.0 = Debug|Any CPU
		{F90BDBD6-96B9-4C94-97EE-842DA5818ABC}.Debug|x86.ActiveCfg = Debug|Any CPU
		{F90BDBD6-96B9-4C94-97EE-842DA5818ABC}.Debug|x86.Build.0 = Debug|Any CPU
		{F90BDBD6-96B9-4C94-97EE-842DA5818ABC}.Release|Any CPU.ActiveCfg = Release|Any CPU
		{F90BDBD6-96B9-4C94-97EE-842DA5818ABC}.Release|Any CPU.Build.0 = Release|Any CPU
		{F90BDBD6-96B9-4C94-97EE-842DA5818ABC}.Release|x64.ActiveCfg = Release|Any CPU
		{F90BDBD6-96B9-4C94-97EE-842DA5818ABC}.Release|x64.Build.0 = Release|Any CPU
		{F90BDBD6-96B9-4C94-97EE-842DA5818ABC}.Release|x86.ActiveCfg = Release|Any CPU
		{F90BDBD6-96B9-4C94-97EE-842DA5818ABC}.Release|x86.Build.0 = Release|Any CPU
	EndGlobalSection
EndGlobal
